{
  "version": 4,
  "terraform_version": "1.1.7",
  "serial": 6,
  "lineage": "21f50437-bbe7-2759-0712-cf7494970174",
  "outputs": {
    "ecr_url": {
      "value": "863965662830.dkr.ecr.us-west-1.amazonaws.com/hah_tech_repository",
      "type": "string"
    }
  },
  "resources": [
    {
      "mode": "managed",
      "type": "aws_ecr_repository",
      "name": "hah_tech_block",
      "provider": "provider[\"registry.terraform.io/hashicorp/aws\"]",
      "instances": [
        {
          "schema_version": 0,
          "attributes": {
            "arn": "arn:aws:ecr:us-west-1:863965662830:repository/hah_tech_repository",
            "encryption_configuration": [
              {
                "encryption_type": "AES256",
                "kms_key": ""
              }
            ],
            "id": "hah_tech_repository",
            "image_scanning_configuration": [
              {
                "scan_on_push": true
              }
            ],
            "image_tag_mutability": "MUTABLE",
            "name": "hah_tech_repository",
            "registry_id": "863965662830",
            "repository_url": "863965662830.dkr.ecr.us-west-1.amazonaws.com/hah_tech_repository",
            "tags": {
              "env": "dev",
              "name": "HAH Tech Repository"
            },
            "tags_all": {
              "env": "dev",
              "name": "HAH Tech Repository"
            },
            "timeouts": null
          },
          "sensitive_attributes": [],
          "private": "eyJlMmJmYjczMC1lY2FhLTExZTYtOGY4OC0zNDM2M2JjN2M0YzAiOnsiZGVsZXRlIjoxMjAwMDAwMDAwMDAwfX0="
        }
      ]
    }
  ]
}
