{
  "version": 4,
  "terraform_version": "1.1.7",
  "serial": 6,
  "lineage": "00c3c102-3b26-0db3-29ce-ea2da10a81e3",
  "outputs": {
    "arn": {
      "value": "arn:aws:ec2:us-west-1:863965662830:instance/i-0c8b364f90a8f9b94",
      "type": "string"
    },
    "private_dns": {
      "value": "ip-172-31-7-27.us-west-1.compute.internal",
      "type": "string"
    },
    "private_ip": {
      "value": "172.31.7.27",
      "type": "string"
    },
    "public_dns": {
      "value": "ec2-54-193-19-169.us-west-1.compute.amazonaws.com",
      "type": "string"
    },
    "public_ip": {
      "value": "54.193.19.169",
      "type": "string"
    },
    "tags_all": {
      "value": {
        "Area": "DevOps Infra",
        "Environment": "dev",
        "Name": "user_data_with_file_ec2"
      },
      "type": [
        "map",
        "string"
      ]
    }
  },
  "resources": [
    {
      "mode": "managed",
      "type": "aws_instance",
      "name": "hahtech_ec2",
      "provider": "provider[\"registry.terraform.io/hashicorp/aws\"]",
      "instances": [
        {
          "schema_version": 1,
          "attributes": {
            "ami": "ami-0a8a24772b8f01294",
            "arn": "arn:aws:ec2:us-west-1:863965662830:instance/i-0c8b364f90a8f9b94",
            "associate_public_ip_address": true,
            "availability_zone": "us-west-1a",
            "capacity_reservation_specification": [
              {
                "capacity_reservation_preference": "open",
                "capacity_reservation_target": []
              }
            ],
            "cpu_core_count": 1,
            "cpu_threads_per_core": 1,
            "credit_specification": [
              {
                "cpu_credits": "standard"
              }
            ],
            "disable_api_termination": false,
            "ebs_block_device": [],
            "ebs_optimized": false,
            "enclave_options": [
              {
                "enabled": false
              }
            ],
            "ephemeral_block_device": [],
            "get_password_data": false,
            "hibernation": false,
            "host_id": null,
            "iam_instance_profile": "",
            "id": "i-0c8b364f90a8f9b94",
            "instance_initiated_shutdown_behavior": "stop",
            "instance_state": "running",
            "instance_type": "t2.micro",
            "ipv6_address_count": 0,
            "ipv6_addresses": [],
            "key_name": "devops_automation",
            "launch_template": [],
            "metadata_options": [
              {
                "http_endpoint": "enabled",
                "http_put_response_hop_limit": 1,
                "http_tokens": "optional",
                "instance_metadata_tags": "disabled"
              }
            ],
            "monitoring": false,
            "network_interface": [],
            "outpost_arn": "",
            "password_data": "",
            "placement_group": "",
            "placement_partition_number": null,
            "primary_network_interface_id": "eni-00c7746c92339753f",
            "private_dns": "ip-172-31-7-27.us-west-1.compute.internal",
            "private_ip": "172.31.7.27",
            "public_dns": "ec2-54-193-19-169.us-west-1.compute.amazonaws.com",
            "public_ip": "54.193.19.169",
            "root_block_device": [
              {
                "delete_on_termination": true,
                "device_name": "/dev/xvda",
                "encrypted": false,
                "iops": 100,
                "kms_key_id": "",
                "tags": {},
                "throughput": 0,
                "volume_id": "vol-094fe5ca4cef76f92",
                "volume_size": 8,
                "volume_type": "gp2"
              }
            ],
            "secondary_private_ips": [],
            "security_groups": [
              "devops-automation"
            ],
            "source_dest_check": true,
            "subnet_id": "subnet-17d00b4d",
            "tags": {
              "Area": "DevOps Infra",
              "Environment": "dev",
              "Name": "user_data_with_file_ec2"
            },
            "tags_all": {
              "Area": "DevOps Infra",
              "Environment": "dev",
              "Name": "user_data_with_file_ec2"
            },
            "tenancy": "default",
            "timeouts": null,
            "user_data": "d3daa64d9af8009e6624c42d2bf48cb0d5c063c8",
            "user_data_base64": null,
            "volume_tags": null,
            "vpc_security_group_ids": [
              "sg-01616fe2250f6a21b"
            ]
          },
          "sensitive_attributes": [],
          "private": "eyJlMmJmYjczMC1lY2FhLTExZTYtOGY4OC0zNDM2M2JjN2M0YzAiOnsiY3JlYXRlIjo2MDAwMDAwMDAwMDAsImRlbGV0ZSI6MTIwMDAwMDAwMDAwMCwidXBkYXRlIjo2MDAwMDAwMDAwMDB9LCJzY2hlbWFfdmVyc2lvbiI6IjEifQ=="
        }
      ]
    }
  ]
}
