{
  "version": 4,
  "terraform_version": "0.14.8",
  "serial": 5,
  "lineage": "c2f8c190-8ec2-670c-7b2e-dfdda58e057f",
  "outputs": {},
  "resources": [
    {
      "mode": "managed",
      "type": "aws_db_instance",
      "name": "default",
      "provider": "provider[\"registry.terraform.io/hashicorp/aws\"]",
      "instances": [
        {
          "schema_version": 1,
          "attributes": {
            "address": "hahtech-rds.ccbwomzwxybq.us-west-1.rds.amazonaws.com",
            "allocated_storage": 25,
            "allow_major_version_upgrade": null,
            "apply_immediately": null,
            "arn": "arn:aws:rds:us-west-1:863965662830:db:hahtech-rds",
            "auto_minor_version_upgrade": true,
            "availability_zone": "us-west-1a",
            "backup_retention_period": 0,
            "backup_window": "13:05-13:35",
            "ca_cert_identifier": "rds-ca-2019",
            "character_set_name": "",
            "copy_tags_to_snapshot": false,
            "customer_owned_ip_enabled": false,
            "db_name": "hah_tect_db",
            "db_subnet_group_name": "default",
            "delete_automated_backups": true,
            "deletion_protection": false,
            "domain": "",
            "domain_iam_role_name": "",
            "enabled_cloudwatch_logs_exports": null,
            "endpoint": "hahtech-rds.ccbwomzwxybq.us-west-1.rds.amazonaws.com:5432",
            "engine": "postgres",
            "engine_version": "12.9",
            "engine_version_actual": "12.9",
            "final_snapshot_identifier": null,
            "hosted_zone_id": "Z10WI91S59XXQN",
            "iam_database_authentication_enabled": false,
            "id": "hahtech-rds",
            "identifier": "hahtech-rds",
            "identifier_prefix": "",
            "instance_class": "db.t3.micro",
            "iops": 0,
            "kms_key_id": "",
            "latest_restorable_time": "0001-01-01T00:00:00Z",
            "license_model": "postgresql-license",
            "maintenance_window": "wed:12:34-wed:13:04",
            "max_allocated_storage": 0,
            "monitoring_interval": 0,
            "monitoring_role_arn": "",
            "multi_az": false,
            "name": "hah_tect_db",
            "nchar_character_set_name": "",
            "option_group_name": "default:postgres-12",
            "parameter_group_name": "default.postgres12",
            "password": "Secur3Pa55w0rd",
            "performance_insights_enabled": false,
            "performance_insights_kms_key_id": "",
            "performance_insights_retention_period": 0,
            "port": 5432,
            "publicly_accessible": false,
            "replica_mode": "",
            "replicas": [],
            "replicate_source_db": "",
            "resource_id": "db-YNSCEVQ2D7VRLIWGGWT7R5XB7Q",
            "restore_to_point_in_time": [],
            "s3_import": [],
            "security_group_names": null,
            "skip_final_snapshot": true,
            "snapshot_identifier": null,
            "status": "available",
            "storage_encrypted": false,
            "storage_type": "gp2",
            "tags": {
              "Environment": "dev",
              "Name": "terraform_dev_rds"
            },
            "tags_all": {
              "Environment": "dev",
              "Name": "terraform_dev_rds"
            },
            "timeouts": null,
            "timezone": "",
            "username": "main",
            "vpc_security_group_ids": [
              "sg-f9fabcb1"
            ]
          },
          "sensitive_attributes": [],
          "private": "eyJlMmJmYjczMC1lY2FhLTExZTYtOGY4OC0zNDM2M2JjN2M0YzAiOnsiY3JlYXRlIjoyNDAwMDAwMDAwMDAwLCJkZWxldGUiOjM2MDAwMDAwMDAwMDAsInVwZGF0ZSI6NDgwMDAwMDAwMDAwMH0sInNjaGVtYV92ZXJzaW9uIjoiMSJ9"
        }
      ]
    }
  ]
}
